// !$*UTF8*$!
{
	archiveVersion = 1;
	classes = {
	};
	objectVersion = 46;
	objects = {

/* Begin PBXBuildFile section */
		78AEAE6F1AECD7080022929C /* AppDelegate.swift in Sources */ = {isa = PBXBuildFile; fileRef = 78AEAE6E1AECD7080022929C /* AppDelegate.swift */; };
		78AEAE711AECD7080022929C /* ViewController.swift in Sources */ = {isa = PBXBuildFile; fileRef = 78AEAE701AECD7080022929C /* ViewController.swift */; };
		78AEAE741AECD7080022929C /* Main.storyboard in Resources */ = {isa = PBXBuildFile; fileRef = 78AEAE721AECD7080022929C /* Main.storyboard */; };
		78AEAE761AECD7080022929C /* Images.xcassets in Resources */ = {isa = PBXBuildFile; fileRef = 78AEAE751AECD7080022929C /* Images.xcassets */; };
		78AEAE791AECD7080022929C /* LaunchScreen.xib in Resources */ = {isa = PBXBuildFile; fileRef = 78AEAE771AECD7080022929C /* LaunchScreen.xib */; };
		78AEAE851AECD7080022929C /* Simple_BrowserTests.swift in Sources */ = {isa = PBXBuildFile; fileRef = 78AEAE841AECD7080022929C /* Simple_BrowserTests.swift */; };
/* End PBXBuildFile section */

/* Begin PBXContainerItemProxy section */
		78AEAE7F1AECD7080022929C /* PBXContainerItemProxy */ = {
			isa = PBXContainerItemProxy;
			containerPortal = 78AEAE611AECD7080022929C /* Project object */;
			proxyType = 1;
			remoteGlobalIDString = 78AEAE681AECD7080022929C;
			remoteInfo = "Simple Browser";
		};
/* End PBXContainerItemProxy section */

/* Begin PBXFileReference section */
		78AEAE691AECD7080022929C /* Simple Browser.app */ = {isa = PBXFileReference; explicitFileType = wrapper.application; includeInIndex = 0; path = "Simple Browser.app"; sourceTree = BUILT_PRODUCTS_DIR; };
		78AEAE6D1AECD7080022929C /* Info.plist */ = {isa = PBXFileReference; lastKnownFileType = text.plist.xml; path = Info.plist; sourceTree = "<group>"; };
		78AEAE6E1AECD7080022929C /* AppDelegate.swift */ = {isa = PBXFileReference; lastKnownFileType = sourcecode.swift; path = AppDelegate.swift; sourceTree = "<group>"; };
		78AEAE701AECD7080022929C /* ViewController.swift */ = {isa = PBXFileReference; lastKnownFileType = sourcecode.swift; path = ViewController.swift; sourceTree = "<group>"; };
		78AEAE731AECD7080022929C /* Base */ = {isa = PBXFileReference; lastKnownFileType = file.storyboard; name = Base; path = Base.lproj/Main.storyboard; sourceTree = "<group>"; };
		78AEAE751AECD7080022929C /* Images.xcassets */ = {isa = PBXFileReference; lastKnownFileType = folder.assetcatalog; path = Images.xcassets; sourceTree = "<group>"; };
		78AEAE781AECD7080022929C /* Base */ = {isa = PBXFileReference; lastKnownFileType = file.xib; name = Base; path = Base.lproj/LaunchScreen.xib; sourceTree = "<group>"; };
		78AEAE7E1AECD7080022929C /* Simple BrowserTests.xctest */ = {isa = PBXFileReference; explicitFileType = wrapper.cfbundle; includeInIndex = 0; path = "Simple BrowserTests.xctest"; sourceTree = BUILT_PRODUCTS_DIR; };
		78AEAE831AECD7080022929C /* Info.plist */ = {isa = PBXFileReference; lastKnownFileType = text.plist.xml; path = Info.plist; sourceTree = "<group>"; };
		78AEAE841AECD7080022929C /* Simple_BrowserTests.swift */ = {isa = PBXFileReference; lastKnownFileType = sourcecode.swift; path = Simple_BrowserTests.swift; sourceTree = "<group>"; };
/* End PBXFileReference section */

/* Begin PBXFrameworksBuildPhase section */
		78AEAE661AECD7080022929C /* Frameworks */ = {
			isa = PBXFrameworksBuildPhase;
			buildActionMask = 2147483647;
			files = (
			);
			runOnlyForDeploymentPostprocessing = 0;
		};
		78AEAE7B1AECD7080022929C /* Frameworks */ = {
			isa = PBXFrameworksBuildPhase;
			buildActionMask = 2147483647;
			files = (
			);
			runOnlyForDeploymentPostprocessing = 0;
		};
/* End PBXFrameworksBuildPhase section */

/* Begin PBXGroup section */
		78AEAE601AECD7080022929C = {
			isa = PBXGroup;
			children = (
				78AEAE6B1AECD7080022929C /* Simple Browser */,
				78AEAE811AECD7080022929C /* Simple BrowserTests */,
				78AEAE6A1AECD7080022929C /* Products */,
			);
			sourceTree = "<group>";
		};
		78AEAE6A1AECD7080022929C /* Products */ = {
			isa = PBXGroup;
			children = (
				78AEAE691AECD7080022929C /* Simple Browser.app */,
				78AEAE7E1AECD7080022929C /* Simple BrowserTests.xctest */,
			);
			name = Products;
			sourceTree = "<group>";
		};
		78AEAE6B1AECD7080022929C /* Simple Browser */ = {
			isa = PBXGroup;
			children = (
				78AEAE6E1AECD7080022929C /* AppDelegate.swift */,
				78AEAE701AECD7080022929C /* ViewController.swift */,
				78AEAE721AECD7080022929C /* Main.storyboard */,
				78AEAE751AECD7080022929C /* Images.xcassets */,
				78AEAE771AECD7080022929C /* LaunchScreen.xib */,
				78AEAE6C1AECD7080022929C /* Supporting Files */,
			);
			path = "Simple Browser";
			sourceTree = "<group>";
		};
		78AEAE6C1AECD7080022929C /* Supporting Files */ = {
			isa = PBXGroup;
			children = (
				78AEAE6D1AECD7080022929C /* Info.plist */,
			);
			name = "Supporting Files";
			sourceTree = "<group>";
		};
		78AEAE811AECD7080022929C /* Simple BrowserTests */ = {
			isa = PBXGroup;
			children = (
				78AEAE841AECD7080022929C /* Simple_BrowserTests.swift */,
				78AEAE821AECD7080022929C /* Supporting Files */,
			);
			path = "Simple BrowserTests";
			sourceTree = "<group>";
		};
		78AEAE821AECD7080022929C /* Supporting Files */ = {
			isa = PBXGroup;
			children = (
				78AEAE831AECD7080022929C /* Info.plist */,
			);
			name = "Supporting Files";
			sourceTree = "<group>";
		};
/* End PBXGroup section */

/* Begin PBXNativeTarget section */
		78AEAE681AECD7080022929C /* Simple Browser */ = {
			isa = PBXNativeTarget;
			buildConfigurationList = 78AEAE881AECD7080022929C /* Build configuration list for PBXNativeTarget "Simple Browser" */;
			buildPhases = (
				78AEAE651AECD7080022929C /* Sources */,
				78AEAE661AECD7080022929C /* Frameworks */,
				78AEAE671AECD7080022929C /* Resources */,
			);
			buildRules = (
			);
			dependencies = (
			);
			name = "Simple Browser";
			productName = "Simple Browser";
			productReference = 78AEAE691AECD7080022929C /* Simple Browser.app */;
			productType = "com.apple.product-type.application";
		};
		78AEAE7D1AECD7080022929C /* Simple BrowserTests */ = {
			isa = PBXNativeTarget;
			buildConfigurationList = 78AEAE8B1AECD7080022929C /* Build configuration list for PBXNativeTarget "Simple BrowserTests" */;
			buildPhases = (
				78AEAE7A1AECD7080022929C /* Sources */,
				78AEAE7B1AECD7080022929C /* Frameworks */,
				78AEAE7C1AECD7080022929C /* Resources */,
			);
			buildRules = (
			);
			dependencies = (
				78AEAE801AECD7080022929C /* PBXTargetDependency */,
			);
			name = "Simple BrowserTests";
			productName = "Simple BrowserTests";
			productReference = 78AEAE7E1AECD7080022929C /* Simple BrowserTests.xctest */;
			productType = "com.apple.product-type.bundle.unit-test";
		};
/* End PBXNativeTarget section */

/* Begin PBXProject section */
		78AEAE611AECD7080022929C /* Project object */ = {
			isa = PBXProject;
			attributes = {
				LastUpgradeCheck = 0630;
				ORGANIZATIONNAME = "Karlkim Suwanmongkol";
				TargetAttributes = {
					78AEAE681AECD7080022929C = {
						CreatedOnToolsVersion = 6.3.1;
					};
					78AEAE7D1AECD7080022929C = {
						CreatedOnToolsVersion = 6.3.1;
						TestTargetID = 78AEAE681AECD7080022929C;
					};
				};
			};
			buildConfigurationList = 78AEAE641AECD7080022929C /* Build configuration list for PBXProject "Simple Browser" */;
			compatibilityVersion = "Xcode 3.2";
			developmentRegion = English;
			hasScannedForEncodings = 0;
			knownRegions = (
				en,
				Base,
			);
			mainGroup = 78AEAE601AECD7080022929C;
			productRefGroup = 78AEAE6A1AECD7080022929C /* Products */;
			projectDirPath = "";
			projectRoot = "";
			targets = (
				78AEAE681AECD7080022929C /* Simple Browser */,
				78AEAE7D1AECD7080022929C /* Simple BrowserTests */,
			);
		};
/* End PBXProject section */

/* Begin PBXResourcesBuildPhase section */
		78AEAE671AECD7080022929C /* Resources */ = {
			isa = PBXResourcesBuildPhase;
			buildActionMask = 2147483647;
			files = (
				78AEAE741AECD7080022929C /* Main.storyboard in Resources */,
				78AEAE791AECD7080022929C /* LaunchScreen.xib in Resources */,
				78AEAE761AECD7080022929C /* Images.xcassets in Resources */,
			);
			runOnlyForDeploymentPostprocessing = 0;
		};
		78AEAE7C1AECD7080022929C /* Resources */ = {
			isa = PBXResourcesBuildPhase;
			buildActionMask = 2147483647;
			files = (
			);
			runOnlyForDeploymentPostprocessing = 0;
		};
/* End PBXResourcesBuildPhase section */

/* Begin PBXSourcesBuildPhase section */
		78AEAE651AECD7080022929C /* Sources */ = {
			isa = PBXSourcesBuildPhase;
			buildActionMask = 2147483647;
			files = (
				78AEAE711AECD7080022929C /* ViewController.swift in Sources */,
				78AEAE6F1AECD7080022929C /* AppDelegate.swift in Sources */,
			);
			runOnlyForDeploymentPostprocessing = 0;
		};
		78AEAE7A1AECD7080022929C /* Sources */ = {
			isa = PBXSourcesBuildPhase;
			buildActionMask = 2147483647;
			files = (
				78AEAE851AECD7080022929C /* Simple_BrowserTests.swift in Sources */,
			);
			runOnlyForDeploymentPostprocessing = 0;
		};
/* End PBXSourcesBuildPhase section */

/* Begin PBXTargetDependency section */
		78AEAE801AECD7080022929C /* PBXTargetDependency */ = {
			isa = PBXTargetDependency;
			target = 78AEAE681AECD7080022929C /* Simple Browser */;
			targetProxy = 78AEAE7F1AECD7080022929C /* PBXContainerItemProxy */;
		};
/* End PBXTargetDependency section */

/* Begin PBXVariantGroup section */
		78AEAE721AECD7080022929C /* Main.storyboard */ = {
			isa = PBXVariantGroup;
			children = (
				78AEAE731AECD7080022929C /* Base */,
			);
			name = Main.storyboard;
			sourceTree = "<group>";
		};
		78AEAE771AECD7080022929C /* LaunchScreen.xib */ = {
			isa = PBXVariantGroup;
			children = (
				78AEAE781AECD7080022929C /* Base */,
			);
			name = LaunchScreen.xib;
			sourceTree = "<group>";
		};
/* End PBXVariantGroup section */

/* Begin XCBuildConfiguration section */
		78AEAE861AECD7080022929C /* Debug */ = {
			isa = XCBuildConfiguration;
			buildSettings = {
				ALWAYS_SEARCH_USER_PATHS = NO;
				CLANG_CXX_LANGUAGE_STANDARD = "gnu++0x";
				CLANG_CXX_LIBRARY = "libc++";
				CLANG_ENABLE_MODULES = YES;
				CLANG_ENABLE_OBJC_ARC = YES;
				CLANG_WARN_BOOL_CONVERSION = YES;
				CLANG_WARN_CONSTANT_CONVERSION = YES;
				CLANG_WARN_DIRECT_OBJC_ISA_USAGE = YES_ERROR;
				CLANG_WARN_EMPTY_BODY = YES;
				CLANG_WARN_ENUM_CONVERSION = YES;
				CLANG_WARN_INT_CONVERSION = YES;
				CLANG_WARN_OBJC_ROOT_CLASS = YES_ERROR;
				CLANG_WARN_UNREACHABLE_CODE = YES;
				CLANG_WARN__DUPLICATE_METHOD_MATCH = YES;
				"CODE_SIGN_IDENTITY[sdk=iphoneos*]" = "iPhone Developer";
				COPY_PHASE_STRIP = NO;
				DEBUG_INFORMATION_FORMAT = "dwarf-with-dsym";
				ENABLE_STRICT_OBJC_MSGSEND = YES;
				GCC_C_LANGUAGE_STANDARD = gnu99;
				GCC_DYNAMIC_NO_PIC = NO;
				GCC_NO_COMMON_BLOCKS = YES;
				GCC_OPTIMIZATION_LEVEL = 0;
				GCC_PREPROCESSOR_DEFINITIONS = (
					"DEBUG=1",
					"$(inherited)",
				);
				GCC_SYMBOLS_PRIVATE_EXTERN = NO;
				GCC_WARN_64_TO_32_BIT_CONVERSION = YES;
				GCC_WARN_ABOUT_RETURN_TYPE = YES_ERROR;
				GCC_WARN_UNDECLARED_SELECTOR = YES;
				GCC_WARN_UNINITIALIZED_AUTOS = YES_AGGRESSIVE;
				GCC_WARN_UNUSED_FUNCTION = YES;
				GCC_WARN_UNUSED_VARIABLE = YES;
				IPHONEOS_DEPLOYMENT_TARGET = 8.3;
				MTL_ENABLE_DEBUG_INFO = YES;
				ONLY_ACTIVE_ARCH = YES;
				SDKROOT = iphoneos;
				SWIFT_OPTIMIZATION_LEVEL = "-Onone";
			};
			name = Debug;
		};
		78AEAE871AECD7080022929C /* Release */ = {
			isa = XCBuildConfiguration;
			buildSettings = {
				ALWAYS_SEARCH_USER_PATHS = NO;
				CLANG_CXX_LANGUAGE_STANDARD = "gnu++0x";
				CLANG_CXX_LIBRARY = "libc++";
				CLANG_ENABLE_MODULES = YES;
				CLANG_ENABLE_OBJC_ARC = YES;
				CLANG_WARN_BOOL_CONVERSION = YES;
				CLANG_WARN_CONSTANT_CONVERSION = YES;
				CLANG_WARN_DIRECT_OBJC_ISA_USAGE = YES_ERROR;
				CLANG_WARN_EMPTY_BODY = YES;
				CLANG_WARN_ENUM_CONVERSION = YES;
				CLANG_WARN_INT_CONVERSION = YES;
				CLANG_WARN_OBJC_ROOT_CLASS = YES_ERROR;
				CLANG_WARN_UNREACHABLE_CODE = YES;
				CLANG_WARN__DUPLICATE_METHOD_MATCH = YES;
				"CODE_SIGN_IDENTITY[sdk=iphoneos*]" = "iPhone Developer";
				COPY_PHASE_STRIP = NO;
				DEBUG_INFORMATION_FORMAT = "dwarf-with-dsym";
				ENABLE_NS_ASSERTIONS = NO;
				ENABLE_STRICT_OBJC_MSGSEND = YES;
				GCC_C_LANGUAGE_STANDARD = gnu99;
				GCC_NO_COMMON_BLOCKS = YES;
				GCC_WARN_64_TO_32_BIT_CONVERSION = YES;
				GCC_WARN_ABOUT_RETURN_TYPE = YES_ERROR;
				GCC_WARN_UNDECLARED_SELECTOR = YES;
				GCC_WARN_UNINITIALIZED_AUTOS = YES_AGGRESSIVE;
				GCC_WARN_UNUSED_FUNCTION = YES;
				GCC_WARN_UNUSED_VARIABLE = YES;
				IPHONEOS_DEPLOYMENT_TARGET = 8.3;
				MTL_ENABLE_DEBUG_INFO = NO;
				SDKROOT = iphoneos;
				VALIDATE_PRODUCT = YES;
			};
			name = Release;
		};
		78AEAE891AECD7080022929C /* Debug */ = {
			isa = XCBuildConfiguration;
			buildSettings = {
				ASSETCATALOG_COMPILER_APPICON_NAME = AppIcon;
				INFOPLIST_FILE = "Simple Browser/Info.plist";
				LD_RUNPATH_SEARCH_PATHS = "$(inherited) @executable_path/Frameworks";
				PRODUCT_NAME = "$(TARGET_NAME)";
			};
			name = Debug;
		};
		78AEAE8A1AECD7080022929C /* Release */ = {
			isa = XCBuildConfiguration;
			buildSettings = {
				ASSETCATALOG_COMPILER_APPICON_NAME = AppIcon;
				INFOPLIST_FILE = "Simple Browser/Info.plist";
				LD_RUNPATH_SEARCH_PATHS = "$(inherited) @executable_path/Frameworks";
				PRODUCT_NAME = "$(TARGET_NAME)";
			};
			name = Release;
		};
		78AEAE8C1AECD7080022929C /* Debug */ = {
			isa = XCBuildConfiguration;
			buildSettings = {
				BUNDLE_LOADER = "$(TEST_HOST)";
				FRAMEWORK_SEARCH_PATHS = (
					"$(SDKROOT)/Developer/Library/Frameworks",
					"$(inherited)",
				);
				GCC_PREPROCESSOR_DEFINITIONS = (
					"DEBUG=1",
					"$(inherited)",
				);
				INFOPLIST_FILE = "Simple BrowserTests/Info.plist";
				LD_RUNPATH_SEARCH_PATHS = "$(inherited) @executable_path/Frameworks @loader_path/Frameworks";
				PRODUCT_NAME = "$(TARGET_NAME)";
				TEST_HOST = "$(BUILT_PRODUCTS_DIR)/Simple Browser.app/Simple Browser";
			};
			name = Debug;
		};
		78AEAE8D1AECD7080022929C /* Release */ = {
			isa = XCBuildConfiguration;
			buildSettings = {
				BUNDLE_LOADER = "$(TEST_HOST)";
				FRAMEWORK_SEARCH_PATHS = (
					"$(SDKROOT)/Developer/Library/Frameworks",
					"$(inherited)",
				);
				INFOPLIST_FILE = "Simple BrowserTests/Info.plist";
				LD_RUNPATH_SEARCH_PATHS = "$(inherited) @executable_path/Frameworks @loader_path/Frameworks";
				PRODUCT_NAME = "$(TARGET_NAME)";
				TEST_HOST = "$(BUILT_PRODUCTS_DIR)/Simple Browser.app/Simple Browser";
			};
			name = Release;
		};
/* End XCBuildConfiguration section */

/* Begin XCConfigurationList section */
		78AEAE641AECD7080022929C /* Build configuration list for PBXProject "Simple Browser" */ = {
			isa = XCConfigurationList;
			buildConfigurations = (
				78AEAE861AECD7080022929C /* Debug */,
				78AEAE871AECD7080022929C /* Release */,
			);
			defaultConfigurationIsVisible = 0;
			defaultConfigurationName = Release;
		};
		78AEAE881AECD7080022929C /* Build configuration list for PBXNativeTarget "Simple Browser" */ = {
			isa = XCConfigurationList;
			buildConfigurations = (
				78AEAE891AECD7080022929C /* Debug */,
				78AEAE8A1AECD7080022929C /* Release */,
			);
			defaultConfigurationIsVisible = 0;
		};
		78AEAE8B1AECD7080022929C /* Build configuration list for PBXNativeTarget "Simple BrowserTests" */ = {
			isa = XCConfigurationList;
			buildConfigurations = (
				78AEAE8C1AECD7080022929C /* Debug */,
				78AEAE8D1AECD7080022929C /* Release */,
			);
			defaultConfigurationIsVisible = 0;
		};
/* End XCConfigurationList section */
	};
	rootObject = 78AEAE611AECD7080022929C /* Project object */;
}
